
Microsoft Visual Studio Solution File, Format Version 12.00
# Visual Studio Version 16
VisualStudioVersion = 16.0.30114.105
MinimumVisualStudioVersion = 10.0.40219.1
Project("{9A19103F-16F7-4668-BE54-9A1E7A4F7556}") = "SystemSP", "SystemSP\SystemSP.csproj", "{8B629E9D-6AA1-43C1-9DD3-EF07EB990535}"
EndProject
Project("{9A19103F-16F7-4668-BE54-9A1E7A4F7556}") = "DTOSystemSp", "DTOSystemSp\DTOSystemSp.csproj", "{957E64F9-5059-4C18-B0D3-0F849F59C6D5}"
EndProject
Global
	GlobalSection(SolutionConfigurationPlatforms) = preSolution
		Debug|Any CPU = Debug|Any CPU
		Release|Any CPU = Release|Any CPU
	EndGlobalSection
	GlobalSection(ProjectConfigurationPlatforms) = postSolution
		{8B629E9D-6AA1-43C1-9DD3-EF07EB990535}.Debug|Any CPU.ActiveCfg = Debug|Any CPU
		{8B629E9D-6AA1-43C1-9DD3-EF07EB990535}.Debug|Any CPU.Build.0 = Debug|Any CPU
		{8B629E9D-6AA1-43C1-9DD3-EF07EB990535}.Release|Any CPU.ActiveCfg = Release|Any CPU
		{8B629E9D-6AA1-43C1-9DD3-EF07EB990535}.Release|Any CPU.Build.0 = Release|Any CPU
		{957E64F9-5059-4C18-B0D3-0F849F59C6D5}.Debug|Any CPU.ActiveCfg = Debug|Any CPU
		{957E64F9-5059-4C18-B0D3-0F849F59C6D5}.Debug|Any CPU.Build.0 = Debug|Any CPU
		{957E64F9-5059-4C18-B0D3-0F849F59C6D5}.Release|Any CPU.ActiveCfg = Release|Any CPU
		{957E64F9-5059-4C18-B0D3-0F849F59C6D5}.Release|Any CPU.Build.0 = Release|Any CPU
	EndGlobalSection
	GlobalSection(SolutionProperties) = preSolution
		HideSolutionNode = FALSE
	EndGlobalSection
	GlobalSection(ExtensibilityGlobals) = postSolution
		SolutionGuid = {3BD7B5C8-CA16-4E1F-9509-399D0D923A24}
	EndGlobalSection
EndGlobal
